# This file is automatically @generated by Cargo.
# It is not intended for manual editing.
version = 4

[[package]]
name = "intel8080"
version = "0.1.0"
source = "git+https://github.com/andrewthecodertx/rust-intel8080-emulator#aaea08fdeba555df4387e6944bdfa48946cf490f"

[[package]]
name = "rust-imsai-emulator"
version = "0.1.0"
dependencies = [
 "intel8080",
]
